
Microsoft Visual Studio Solution File, Format Version 12.00
# Visual Studio Version 17
VisualStudioVersion = 17.7.34024.191
MinimumVisualStudioVersion = 10.0.40219.1
Project("{FAE04EC0-301F-11D3-BF4B-00C04F79EFBC}") = "EjercicioN1", "EjercicioN1\EjercicioN1.csproj", "{F643FD62-4389-4C83-A417-7C1A3B672565}"
EndProject
Global
	GlobalSection(SolutionConfigurationPlatforms) = preSolution
		Debug|Any CPU = Debug|Any CPU
		Release|Any CPU = Release|Any CPU
	EndGlobalSection
	GlobalSection(ProjectConfigurationPlatforms) = postSolution
		{F643FD62-4389-4C83-A417-7C1A3B672565}.Debug|Any CPU.ActiveCfg = Debug|Any CPU
		{F643FD62-4389-4C83-A417-7C1A3B672565}.Debug|Any CPU.Build.0 = Debug|Any CPU
		{F643FD62-4389-4C83-A417-7C1A3B672565}.Release|Any CPU.ActiveCfg = Release|Any CPU
		{F643FD62-4389-4C83-A417-7C1A3B672565}.Release|Any CPU.Build.0 = Release|Any CPU
	EndGlobalSection
	GlobalSection(SolutionProperties) = preSolution
		HideSolutionNode = FALSE
	EndGlobalSection
	GlobalSection(ExtensibilityGlobals) = postSolution
		SolutionGuid = {04193035-E12D-423E-9C80-1640D18AD663}
	EndGlobalSection
EndGlobal
